// !$*UTF8*$!
{
	archiveVersion = 1;
	classes = {
	};
	objectVersion = 50;
	objects = {

/* Begin PBXBuildFile section */
		F497EB0625ECD07600125972 /* AppDelegate.swift in Sources */ = {isa = PBXBuildFile; fileRef = F497EB0525ECD07600125972 /* AppDelegate.swift */; };
		F497EB0825ECD07600125972 /* ContentView.swift in Sources */ = {isa = PBXBuildFile; fileRef = F497EB0725ECD07600125972 /* ContentView.swift */; };
		F497EB0A25ECD07600125972 /* Experience.rcproject in Sources */ = {isa = PBXBuildFile; fileRef = F497EB0925ECD07600125972 /* Experience.rcproject */; };
		F497EB0C25ECD07800125972 /* Assets.xcassets in Resources */ = {isa = PBXBuildFile; fileRef = F497EB0B25ECD07800125972 /* Assets.xcassets */; };
		F497EB0F25ECD07800125972 /* Preview Assets.xcassets in Resources */ = {isa = PBXBuildFile; fileRef = F497EB0E25ECD07800125972 /* Preview Assets.xcassets */; };
		F497EB1225ECD07800125972 /* LaunchScreen.storyboard in Resources */ = {isa = PBXBuildFile; fileRef = F497EB1025ECD07800125972 /* LaunchScreen.storyboard */; };
		F497EB1D25ECD07800125972 /* TelopARTests.swift in Sources */ = {isa = PBXBuildFile; fileRef = F497EB1C25ECD07800125972 /* TelopARTests.swift */; };
		F497EB2825ECD07800125972 /* TelopARUITests.swift in Sources */ = {isa = PBXBuildFile; fileRef = F497EB2725ECD07800125972 /* TelopARUITests.swift */; };
/* End PBXBuildFile section */

/* Begin PBXContainerItemProxy section */
		F497EB1925ECD07800125972 /* PBXContainerItemProxy */ = {
			isa = PBXContainerItemProxy;
			containerPortal = F497EAFA25ECD07600125972 /* Project object */;
			proxyType = 1;
			remoteGlobalIDString = F497EB0125ECD07600125972;
			remoteInfo = TelopAR;
		};
		F497EB2425ECD07800125972 /* PBXContainerItemProxy */ = {
			isa = PBXContainerItemProxy;
			containerPortal = F497EAFA25ECD07600125972 /* Project object */;
			proxyType = 1;
			remoteGlobalIDString = F497EB0125ECD07600125972;
			remoteInfo = TelopAR;
		};
/* End PBXContainerItemProxy section */

/* Begin PBXFileReference section */
		F497EB0225ECD07600125972 /* TelopAR.app */ = {isa = PBXFileReference; explicitFileType = wrapper.application; includeInIndex = 0; path = TelopAR.app; sourceTree = BUILT_PRODUCTS_DIR; };
		F497EB0525ECD07600125972 /* AppDelegate.swift */ = {isa = PBXFileReference; lastKnownFileType = sourcecode.swift; path = AppDelegate.swift; sourceTree = "<group>"; };
		F497EB0725ECD07600125972 /* ContentView.swift */ = {isa = PBXFileReference; lastKnownFileType = sourcecode.swift; path = ContentView.swift; sourceTree = "<group>"; };
		F497EB0925ECD07600125972 /* Experience.rcproject */ = {isa = PBXFileReference; lastKnownFileType = file.rcproject; path = Experience.rcproject; sourceTree = "<group>"; };
		F497EB0B25ECD07800125972 /* Assets.xcassets */ = {isa = PBXFileReference; lastKnownFileType = folder.assetcatalog; path = Assets.xcassets; sourceTree = "<group>"; };
		F497EB0E25ECD07800125972 /* Preview Assets.xcassets */ = {isa = PBXFileReference; lastKnownFileType = folder.assetcatalog; path = "Preview Assets.xcassets"; sourceTree = "<group>"; };
		F497EB1125ECD07800125972 /* Base */ = {isa = PBXFileReference; lastKnownFileType = file.storyboard; name = Base; path = Base.lproj/LaunchScreen.storyboard; sourceTree = "<group>"; };
		F497EB1325ECD07800125972 /* Info.plist */ = {isa = PBXFileReference; lastKnownFileType = text.plist.xml; path = Info.plist; sourceTree = "<group>"; };
		F497EB1825ECD07800125972 /* TelopARTests.xctest */ = {isa = PBXFileReference; explicitFileType = wrapper.cfbundle; includeInIndex = 0; path = TelopARTests.xctest; sourceTree = BUILT_PRODUCTS_DIR; };
		F497EB1C25ECD07800125972 /* TelopARTests.swift */ = {isa = PBXFileReference; lastKnownFileType = sourcecode.swift; path = TelopARTests.swift; sourceTree = "<group>"; };
		F497EB1E25ECD07800125972 /* Info.plist */ = {isa = PBXFileReference; lastKnownFileType = text.plist.xml; path = Info.plist; sourceTree = "<group>"; };
		F497EB2325ECD07800125972 /* TelopARUITests.xctest */ = {isa = PBXFileReference; explicitFileType = wrapper.cfbundle; includeInIndex = 0; path = TelopARUITests.xctest; sourceTree = BUILT_PRODUCTS_DIR; };
		F497EB2725ECD07800125972 /* TelopARUITests.swift */ = {isa = PBXFileReference; lastKnownFileType = sourcecode.swift; path = TelopARUITests.swift; sourceTree = "<group>"; };
		F497EB2925ECD07800125972 /* Info.plist */ = {isa = PBXFileReference; lastKnownFileType = text.plist.xml; path = Info.plist; sourceTree = "<group>"; };
/* End PBXFileReference section */

/* Begin PBXFrameworksBuildPhase section */
		F497EAFF25ECD07600125972 /* Frameworks */ = {
			isa = PBXFrameworksBuildPhase;
			buildActionMask = 2147483647;
			files = (
			);
			runOnlyForDeploymentPostprocessing = 0;
		};
		F497EB1525ECD07800125972 /* Frameworks */ = {
			isa = PBXFrameworksBuildPhase;
			buildActionMask = 2147483647;
			files = (
			);
			runOnlyForDeploymentPostprocessing = 0;
		};
		F497EB2025ECD07800125972 /* Frameworks */ = {
			isa = PBXFrameworksBuildPhase;
			buildActionMask = 2147483647;
			files = (
			);
			runOnlyForDeploymentPostprocessing = 0;
		};
/* End PBXFrameworksBuildPhase section */

/* Begin PBXGroup section */
		F497EAF925ECD07600125972 = {
			isa = PBXGroup;
			children = (
				F497EB0425ECD07600125972 /* TelopAR */,
				F497EB1B25ECD07800125972 /* TelopARTests */,
				F497EB2625ECD07800125972 /* TelopARUITests */,
				F497EB0325ECD07600125972 /* Products */,
			);
			sourceTree = "<group>";
		};
		F497EB0325ECD07600125972 /* Products */ = {
			isa = PBXGroup;
			children = (
				F497EB0225ECD07600125972 /* TelopAR.app */,
				F497EB1825ECD07800125972 /* TelopARTests.xctest */,
				F497EB2325ECD07800125972 /* TelopARUITests.xctest */,
			);
			name = Products;
			sourceTree = "<group>";
		};
		F497EB0425ECD07600125972 /* TelopAR */ = {
			isa = PBXGroup;
			children = (
				F497EB0525ECD07600125972 /* AppDelegate.swift */,
				F497EB0725ECD07600125972 /* ContentView.swift */,
				F497EB0925ECD07600125972 /* Experience.rcproject */,
				F497EB0B25ECD07800125972 /* Assets.xcassets */,
				F497EB1025ECD07800125972 /* LaunchScreen.storyboard */,
				F497EB1325ECD07800125972 /* Info.plist */,
				F497EB0D25ECD07800125972 /* Preview Content */,
			);
			path = TelopAR;
			sourceTree = "<group>";
		};
		F497EB0D25ECD07800125972 /* Preview Content */ = {
			isa = PBXGroup;
			children = (
				F497EB0E25ECD07800125972 /* Preview Assets.xcassets */,
			);
			path = "Preview Content";
			sourceTree = "<group>";
		};
		F497EB1B25ECD07800125972 /* TelopARTests */ = {
			isa = PBXGroup;
			children = (
				F497EB1C25ECD07800125972 /* TelopARTests.swift */,
				F497EB1E25ECD07800125972 /* Info.plist */,
			);
			path = TelopARTests;
			sourceTree = "<group>";
		};
		F497EB2625ECD07800125972 /* TelopARUITests */ = {
			isa = PBXGroup;
			children = (
				F497EB2725ECD07800125972 /* TelopARUITests.swift */,
				F497EB2925ECD07800125972 /* Info.plist */,
			);
			path = TelopARUITests;
			sourceTree = "<group>";
		};
/* End PBXGroup section */

/* Begin PBXNativeTarget section */
		F497EB0125ECD07600125972 /* TelopAR */ = {
			isa = PBXNativeTarget;
			buildConfigurationList = F497EB2C25ECD07800125972 /* Build configuration list for PBXNativeTarget "TelopAR" */;
			buildPhases = (
				F497EAFE25ECD07600125972 /* Sources */,
				F497EAFF25ECD07600125972 /* Frameworks */,
				F497EB0025ECD07600125972 /* Resources */,
			);
			buildRules = (
			);
			dependencies = (
			);
			name = TelopAR;
			productName = TelopAR;
			productReference = F497EB0225ECD07600125972 /* TelopAR.app */;
			productType = "com.apple.product-type.application";
		};
		F497EB1725ECD07800125972 /* TelopARTests */ = {
			isa = PBXNativeTarget;
			buildConfigurationList = F497EB2F25ECD07800125972 /* Build configuration list for PBXNativeTarget "TelopARTests" */;
			buildPhases = (
				F497EB1425ECD07800125972 /* Sources */,
				F497EB1525ECD07800125972 /* Frameworks */,
				F497EB1625ECD07800125972 /* Resources */,
			);
			buildRules = (
			);
			dependencies = (
				F497EB1A25ECD07800125972 /* PBXTargetDependency */,
			);
			name = TelopARTests;
			productName = TelopARTests;
			productReference = F497EB1825ECD07800125972 /* TelopARTests.xctest */;
			productType = "com.apple.product-type.bundle.unit-test";
		};
		F497EB2225ECD07800125972 /* TelopARUITests */ = {
			isa = PBXNativeTarget;
			buildConfigurationList = F497EB3225ECD07800125972 /* Build configuration list for PBXNativeTarget "TelopARUITests" */;
			buildPhases = (
				F497EB1F25ECD07800125972 /* Sources */,
				F497EB2025ECD07800125972 /* Frameworks */,
				F497EB2125ECD07800125972 /* Resources */,
			);
			buildRules = (
			);
			dependencies = (
				F497EB2525ECD07800125972 /* PBXTargetDependency */,
			);
			name = TelopARUITests;
			productName = TelopARUITests;
			productReference = F497EB2325ECD07800125972 /* TelopARUITests.xctest */;
			productType = "com.apple.product-type.bundle.ui-testing";
		};
/* End PBXNativeTarget section */

/* Begin PBXProject section */
		F497EAFA25ECD07600125972 /* Project object */ = {
			isa = PBXProject;
			attributes = {
				LastSwiftUpdateCheck = 1240;
				LastUpgradeCheck = 1240;
				TargetAttributes = {
					F497EB0125ECD07600125972 = {
						CreatedOnToolsVersion = 12.4;
					};
					F497EB1725ECD07800125972 = {
						CreatedOnToolsVersion = 12.4;
						TestTargetID = F497EB0125ECD07600125972;
					};
					F497EB2225ECD07800125972 = {
						CreatedOnToolsVersion = 12.4;
						TestTargetID = F497EB0125ECD07600125972;
					};
				};
			};
			buildConfigurationList = F497EAFD25ECD07600125972 /* Build configuration list for PBXProject "TelopAR" */;
			compatibilityVersion = "Xcode 9.3";
			developmentRegion = en;
			hasScannedForEncodings = 0;
			knownRegions = (
				en,
				Base,
			);
			mainGroup = F497EAF925ECD07600125972;
			productRefGroup = F497EB0325ECD07600125972 /* Products */;
			projectDirPath = "";
			projectRoot = "";
			targets = (
				F497EB0125ECD07600125972 /* TelopAR */,
				F497EB1725ECD07800125972 /* TelopARTests */,
				F497EB2225ECD07800125972 /* TelopARUITests */,
			);
		};
/* End PBXProject section */

/* Begin PBXResourcesBuildPhase section */
		F497EB0025ECD07600125972 /* Resources */ = {
			isa = PBXResourcesBuildPhase;
			buildActionMask = 2147483647;
			files = (
				F497EB1225ECD07800125972 /* LaunchScreen.storyboard in Resources */,
				F497EB0F25ECD07800125972 /* Preview Assets.xcassets in Resources */,
				F497EB0C25ECD07800125972 /* Assets.xcassets in Resources */,
			);
			runOnlyForDeploymentPostprocessing = 0;
		};
		F497EB1625ECD07800125972 /* Resources */ = {
			isa = PBXResourcesBuildPhase;
			buildActionMask = 2147483647;
			files = (
			);
			runOnlyForDeploymentPostprocessing = 0;
		};
		F497EB2125ECD07800125972 /* Resources */ = {
			isa = PBXResourcesBuildPhase;
			buildActionMask = 2147483647;
			files = (
			);
			runOnlyForDeploymentPostprocessing = 0;
		};
/* End PBXResourcesBuildPhase section */

/* Begin PBXSourcesBuildPhase section */
		F497EAFE25ECD07600125972 /* Sources */ = {
			isa = PBXSourcesBuildPhase;
			buildActionMask = 2147483647;
			files = (
				F497EB0825ECD07600125972 /* ContentView.swift in Sources */,
				F497EB0625ECD07600125972 /* AppDelegate.swift in Sources */,
				F497EB0A25ECD07600125972 /* Experience.rcproject in Sources */,
			);
			runOnlyForDeploymentPostprocessing = 0;
		};
		F497EB1425ECD07800125972 /* Sources */ = {
			isa = PBXSourcesBuildPhase;
			buildActionMask = 2147483647;
			files = (
				F497EB1D25ECD07800125972 /* TelopARTests.swift in Sources */,
			);
			runOnlyForDeploymentPostprocessing = 0;
		};
		F497EB1F25ECD07800125972 /* Sources */ = {
			isa = PBXSourcesBuildPhase;
			buildActionMask = 2147483647;
			files = (
				F497EB2825ECD07800125972 /* TelopARUITests.swift in Sources */,
			);
			runOnlyForDeploymentPostprocessing = 0;
		};
/* End PBXSourcesBuildPhase section */

/* Begin PBXTargetDependency section */
		F497EB1A25ECD07800125972 /* PBXTargetDependency */ = {
			isa = PBXTargetDependency;
			target = F497EB0125ECD07600125972 /* TelopAR */;
			targetProxy = F497EB1925ECD07800125972 /* PBXContainerItemProxy */;
		};
		F497EB2525ECD07800125972 /* PBXTargetDependency */ = {
			isa = PBXTargetDependency;
			target = F497EB0125ECD07600125972 /* TelopAR */;
			targetProxy = F497EB2425ECD07800125972 /* PBXContainerItemProxy */;
		};
/* End PBXTargetDependency section */

/* Begin PBXVariantGroup section */
		F497EB1025ECD07800125972 /* LaunchScreen.storyboard */ = {
			isa = PBXVariantGroup;
			children = (
				F497EB1125ECD07800125972 /* Base */,
			);
			name = LaunchScreen.storyboard;
			sourceTree = "<group>";
		};
/* End PBXVariantGroup section */

/* Begin XCBuildConfiguration section */
		F497EB2A25ECD07800125972 /* Debug */ = {
			isa = XCBuildConfiguration;
			buildSettings = {
				ALWAYS_SEARCH_USER_PATHS = NO;
				CLANG_ANALYZER_NONNULL = YES;
				CLANG_ANALYZER_NUMBER_OBJECT_CONVERSION = YES_AGGRESSIVE;
				CLANG_CXX_LANGUAGE_STANDARD = "gnu++14";
				CLANG_CXX_LIBRARY = "libc++";
				CLANG_ENABLE_MODULES = YES;
				CLANG_ENABLE_OBJC_ARC = YES;
				CLANG_ENABLE_OBJC_WEAK = YES;
				CLANG_WARN_BLOCK_CAPTURE_AUTORELEASING = YES;
				CLANG_WARN_BOOL_CONVERSION = YES;
				CLANG_WARN_COMMA = YES;
				CLANG_WARN_CONSTANT_CONVERSION = YES;
				CLANG_WARN_DEPRECATED_OBJC_IMPLEMENTATIONS = YES;
				CLANG_WARN_DIRECT_OBJC_ISA_USAGE = YES_ERROR;
				CLANG_WARN_DOCUMENTATION_COMMENTS = YES;
				CLANG_WARN_EMPTY_BODY = YES;
				CLANG_WARN_ENUM_CONVERSION = YES;
				CLANG_WARN_INFINITE_RECURSION = YES;
				CLANG_WARN_INT_CONVERSION = YES;
				CLANG_WARN_NON_LITERAL_NULL_CONVERSION = YES;
				CLANG_WARN_OBJC_IMPLICIT_RETAIN_SELF = YES;
				CLANG_WARN_OBJC_LITERAL_CONVERSION = YES;
				CLANG_WARN_OBJC_ROOT_CLASS = YES_ERROR;
				CLANG_WARN_QUOTED_INCLUDE_IN_FRAMEWORK_HEADER = YES;
				CLANG_WARN_RANGE_LOOP_ANALYSIS = YES;
				CLANG_WARN_STRICT_PROTOTYPES = YES;
				CLANG_WARN_SUSPICIOUS_MOVE = YES;
				CLANG_WARN_UNGUARDED_AVAILABILITY = YES_AGGRESSIVE;
				CLANG_WARN_UNREACHABLE_CODE = YES;
				CLANG_WARN__DUPLICATE_METHOD_MATCH = YES;
				COPY_PHASE_STRIP = NO;
				DEBUG_INFORMATION_FORMAT = dwarf;
				ENABLE_STRICT_OBJC_MSGSEND = YES;
				ENABLE_TESTABILITY = YES;
				GCC_C_LANGUAGE_STANDARD = gnu11;
				GCC_DYNAMIC_NO_PIC = NO;
				GCC_NO_COMMON_BLOCKS = YES;
				GCC_OPTIMIZATION_LEVEL = 0;
				GCC_PREPROCESSOR_DEFINITIONS = (
					"DEBUG=1",
					"$(inherited)",
				);
				GCC_WARN_64_TO_32_BIT_CONVERSION = YES;
				GCC_WARN_ABOUT_RETURN_TYPE = YES_ERROR;
				GCC_WARN_UNDECLARED_SELECTOR = YES;
				GCC_WARN_UNINITIALIZED_AUTOS = YES_AGGRESSIVE;
				GCC_WARN_UNUSED_FUNCTION = YES;
				GCC_WARN_UNUSED_VARIABLE = YES;
				IPHONEOS_DEPLOYMENT_TARGET = 14.4;
				MTL_ENABLE_DEBUG_INFO = INCLUDE_SOURCE;
				MTL_FAST_MATH = YES;
				ONLY_ACTIVE_ARCH = YES;
				SDKROOT = iphoneos;
				SWIFT_ACTIVE_COMPILATION_CONDITIONS = DEBUG;
				SWIFT_OPTIMIZATION_LEVEL = "-Onone";
			};
			name = Debug;
		};
		F497EB2B25ECD07800125972 /* Release */ = {
			isa = XCBuildConfiguration;
			buildSettings = {
				ALWAYS_SEARCH_USER_PATHS = NO;
				CLANG_ANALYZER_NONNULL = YES;
				CLANG_ANALYZER_NUMBER_OBJECT_CONVERSION = YES_AGGRESSIVE;
				CLANG_CXX_LANGUAGE_STANDARD = "gnu++14";
				CLANG_CXX_LIBRARY = "libc++";
				CLANG_ENABLE_MODULES = YES;
				CLANG_ENABLE_OBJC_ARC = YES;
				CLANG_ENABLE_OBJC_WEAK = YES;
				CLANG_WARN_BLOCK_CAPTURE_AUTORELEASING = YES;
				CLANG_WARN_BOOL_CONVERSION = YES;
				CLANG_WARN_COMMA = YES;
				CLANG_WARN_CONSTANT_CONVERSION = YES;
				CLANG_WARN_DEPRECATED_OBJC_IMPLEMENTATIONS = YES;
				CLANG_WARN_DIRECT_OBJC_ISA_USAGE = YES_ERROR;
				CLANG_WARN_DOCUMENTATION_COMMENTS = YES;
				CLANG_WARN_EMPTY_BODY = YES;
				CLANG_WARN_ENUM_CONVERSION = YES;
				CLANG_WARN_INFINITE_RECURSION = YES;
				CLANG_WARN_INT_CONVERSION = YES;
				CLANG_WARN_NON_LITERAL_NULL_CONVERSION = YES;
				CLANG_WARN_OBJC_IMPLICIT_RETAIN_SELF = YES;
				CLANG_WARN_OBJC_LITERAL_CONVERSION = YES;
				CLANG_WARN_OBJC_ROOT_CLASS = YES_ERROR;
				CLANG_WARN_QUOTED_INCLUDE_IN_FRAMEWORK_HEADER = YES;
				CLANG_WARN_RANGE_LOOP_ANALYSIS = YES;
				CLANG_WARN_STRICT_PROTOTYPES = YES;
				CLANG_WARN_SUSPICIOUS_MOVE = YES;
				CLANG_WARN_UNGUARDED_AVAILABILITY = YES_AGGRESSIVE;
				CLANG_WARN_UNREACHABLE_CODE = YES;
				CLANG_WARN__DUPLICATE_METHOD_MATCH = YES;
				COPY_PHASE_STRIP = NO;
				DEBUG_INFORMATION_FORMAT = "dwarf-with-dsym";
				ENABLE_NS_ASSERTIONS = NO;
				ENABLE_STRICT_OBJC_MSGSEND = YES;
				GCC_C_LANGUAGE_STANDARD = gnu11;
				GCC_NO_COMMON_BLOCKS = YES;
				GCC_WARN_64_TO_32_BIT_CONVERSION = YES;
				GCC_WARN_ABOUT_RETURN_TYPE = YES_ERROR;
				GCC_WARN_UNDECLARED_SELECTOR = YES;
				GCC_WARN_UNINITIALIZED_AUTOS = YES_AGGRESSIVE;
				GCC_WARN_UNUSED_FUNCTION = YES;
				GCC_WARN_UNUSED_VARIABLE = YES;
				IPHONEOS_DEPLOYMENT_TARGET = 14.4;
				MTL_ENABLE_DEBUG_INFO = NO;
				MTL_FAST_MATH = YES;
				SDKROOT = iphoneos;
				SWIFT_COMPILATION_MODE = wholemodule;
				SWIFT_OPTIMIZATION_LEVEL = "-O";
				VALIDATE_PRODUCT = YES;
			};
			name = Release;
		};
		F497EB2D25ECD07800125972 /* Debug */ = {
			isa = XCBuildConfiguration;
			buildSettings = {
				ASSETCATALOG_COMPILER_APPICON_NAME = AppIcon;
				ASSETCATALOG_COMPILER_GLOBAL_ACCENT_COLOR_NAME = AccentColor;
				CODE_SIGN_STYLE = Automatic;
				DEVELOPMENT_ASSET_PATHS = "\"TelopAR/Preview Content\"";
				DEVELOPMENT_TEAM = VURLL3UZWM;
				ENABLE_PREVIEWS = YES;
				INFOPLIST_FILE = TelopAR/Info.plist;
				LD_RUNPATH_SEARCH_PATHS = (
					"$(inherited)",
					"@executable_path/Frameworks",
				);
				PRODUCT_BUNDLE_IDENTIFIER = sample.TelopAR;
				PRODUCT_NAME = "$(TARGET_NAME)";
				SWIFT_VERSION = 5.0;
				TARGETED_DEVICE_FAMILY = "1,2";
			};
			name = Debug;
		};
		F497EB2E25ECD07800125972 /* Release */ = {
			isa = XCBuildConfiguration;
			buildSettings = {
				ASSETCATALOG_COMPILER_APPICON_NAME = AppIcon;
				ASSETCATALOG_COMPILER_GLOBAL_ACCENT_COLOR_NAME = AccentColor;
				CODE_SIGN_STYLE = Automatic;
				DEVELOPMENT_ASSET_PATHS = "\"TelopAR/Preview Content\"";
				DEVELOPMENT_TEAM = VURLL3UZWM;
				ENABLE_PREVIEWS = YES;
				INFOPLIST_FILE = TelopAR/Info.plist;
				LD_RUNPATH_SEARCH_PATHS = (
					"$(inherited)",
					"@executable_path/Frameworks",
				);
				PRODUCT_BUNDLE_IDENTIFIER = sample.TelopAR;
				PRODUCT_NAME = "$(TARGET_NAME)";
				SWIFT_VERSION = 5.0;
				TARGETED_DEVICE_FAMILY = "1,2";
			};
			name = Release;
		};
		F497EB3025ECD07800125972 /* Debug */ = {
			isa = XCBuildConfiguration;
			buildSettings = {
				ALWAYS_EMBED_SWIFT_STANDARD_LIBRARIES = YES;
				BUNDLE_LOADER = "$(TEST_HOST)";
				CODE_SIGN_STYLE = Automatic;
				DEVELOPMENT_TEAM = VURLL3UZWM;
				INFOPLIST_FILE = TelopARTests/Info.plist;
				IPHONEOS_DEPLOYMENT_TARGET = 14.4;
				LD_RUNPATH_SEARCH_PATHS = (
					"$(inherited)",
					"@executable_path/Frameworks",
					"@loader_path/Frameworks",
				);
				PRODUCT_BUNDLE_IDENTIFIER = sample.TelopARTests;
				PRODUCT_NAME = "$(TARGET_NAME)";
				SWIFT_VERSION = 5.0;
				TARGETED_DEVICE_FAMILY = "1,2";
				TEST_HOST = "$(BUILT_PRODUCTS_DIR)/TelopAR.app/TelopAR";
			};
			name = Debug;
		};
		F497EB3125ECD07800125972 /* Release */ = {
			isa = XCBuildConfiguration;
			buildSettings = {
				ALWAYS_EMBED_SWIFT_STANDARD_LIBRARIES = YES;
				BUNDLE_LOADER = "$(TEST_HOST)";
				CODE_SIGN_STYLE = Automatic;
				DEVELOPMENT_TEAM = VURLL3UZWM;
				INFOPLIST_FILE = TelopARTests/Info.plist;
				IPHONEOS_DEPLOYMENT_TARGET = 14.4;
				LD_RUNPATH_SEARCH_PATHS = (
					"$(inherited)",
					"@executable_path/Frameworks",
					"@loader_path/Frameworks",
				);
				PRODUCT_BUNDLE_IDENTIFIER = sample.TelopARTests;
				PRODUCT_NAME = "$(TARGET_NAME)";
				SWIFT_VERSION = 5.0;
				TARGETED_DEVICE_FAMILY = "1,2";
				TEST_HOST = "$(BUILT_PRODUCTS_DIR)/TelopAR.app/TelopAR";
			};
			name = Release;
		};
		F497EB3325ECD07800125972 /* Debug */ = {
			isa = XCBuildConfiguration;
			buildSettings = {
				ALWAYS_EMBED_SWIFT_STANDARD_LIBRARIES = YES;
				CODE_SIGN_STYLE = Automatic;
				DEVELOPMENT_TEAM = VURLL3UZWM;
				INFOPLIST_FILE = TelopARUITests/Info.plist;
				LD_RUNPATH_SEARCH_PATHS = (
					"$(inherited)",
					"@executable_path/Frameworks",
					"@loader_path/Frameworks",
				);
				PRODUCT_BUNDLE_IDENTIFIER = sample.TelopARUITests;
				PRODUCT_NAME = "$(TARGET_NAME)";
				SWIFT_VERSION = 5.0;
				TARGETED_DEVICE_FAMILY = "1,2";
				TEST_TARGET_NAME = TelopAR;
			};
			name = Debug;
		};
		F497EB3425ECD07800125972 /* Release */ = {
			isa = XCBuildConfiguration;
			buildSettings = {
				ALWAYS_EMBED_SWIFT_STANDARD_LIBRARIES = YES;
				CODE_SIGN_STYLE = Automatic;
				DEVELOPMENT_TEAM = VURLL3UZWM;
				INFOPLIST_FILE = TelopARUITests/Info.plist;
				LD_RUNPATH_SEARCH_PATHS = (
					"$(inherited)",
					"@executable_path/Frameworks",
					"@loader_path/Frameworks",
				);
				PRODUCT_BUNDLE_IDENTIFIER = sample.TelopARUITests;
				PRODUCT_NAME = "$(TARGET_NAME)";
				SWIFT_VERSION = 5.0;
				TARGETED_DEVICE_FAMILY = "1,2";
				TEST_TARGET_NAME = TelopAR;
			};
			name = Release;
		};
/* End XCBuildConfiguration section */

/* Begin XCConfigurationList section */
		F497EAFD25ECD07600125972 /* Build configuration list for PBXProject "TelopAR" */ = {
			isa = XCConfigurationList;
			buildConfigurations = (
				F497EB2A25ECD07800125972 /* Debug */,
				F497EB2B25ECD07800125972 /* Release */,
			);
			defaultConfigurationIsVisible = 0;
			defaultConfigurationName = Release;
		};
		F497EB2C25ECD07800125972 /* Build configuration list for PBXNativeTarget "TelopAR" */ = {
			isa = XCConfigurationList;
			buildConfigurations = (
				F497EB2D25ECD07800125972 /* Debug */,
				F497EB2E25ECD07800125972 /* Release */,
			);
			defaultConfigurationIsVisible = 0;
			defaultConfigurationName = Release;
		};
		F497EB2F25ECD07800125972 /* Build configuration list for PBXNativeTarget "TelopARTests" */ = {
			isa = XCConfigurationList;
			buildConfigurations = (
				F497EB3025ECD07800125972 /* Debug */,
				F497EB3125ECD07800125972 /* Release */,
			);
			defaultConfigurationIsVisible = 0;
			defaultConfigurationName = Release;
		};
		F497EB3225ECD07800125972 /* Build configuration list for PBXNativeTarget "TelopARUITests" */ = {
			isa = XCConfigurationList;
			buildConfigurations = (
				F497EB3325ECD07800125972 /* Debug */,
				F497EB3425ECD07800125972 /* Release */,
			);
			defaultConfigurationIsVisible = 0;
			defaultConfigurationName = Release;
		};
/* End XCConfigurationList section */
	};
	rootObject = F497EAFA25ECD07600125972 /* Project object */;
}
